
Microsoft Visual Studio Solution File, Format Version 12.00
# Visual Studio Version 17
VisualStudioVersion = 17.3.32922.545
MinimumVisualStudioVersion = 10.0.40219.1
Project("{888888A0-9F3D-457C-B088-3A5042F75D52}") = "Password", "Password\Password.pyproj", "{E0E2F21A-8FA6-4881-B959-15F5AA504BE7}"
EndProject
Global
	GlobalSection(SolutionConfigurationPlatforms) = preSolution
		Debug|Any CPU = Debug|Any CPU
		Release|Any CPU = Release|Any CPU
	EndGlobalSection
	GlobalSection(ProjectConfigurationPlatforms) = postSolution
		{E0E2F21A-8FA6-4881-B959-15F5AA504BE7}.Debug|Any CPU.ActiveCfg = Debug|Any CPU
		{E0E2F21A-8FA6-4881-B959-15F5AA504BE7}.Release|Any CPU.ActiveCfg = Release|Any CPU
	EndGlobalSection
	GlobalSection(SolutionProperties) = preSolution
		HideSolutionNode = FALSE
	EndGlobalSection
	GlobalSection(ExtensibilityGlobals) = postSolution
		SolutionGuid = {342456D9-421F-4825-B3A1-2A3FD9840DA0}
	EndGlobalSection
EndGlobal
